
Microsoft Visual Studio Solution File, Format Version 12.00
# Visual Studio Version 16
VisualStudioVersion = 16.0.33423.256
MinimumVisualStudioVersion = 10.0.40219.1
Project("{FAE04EC0-301F-11D3-BF4B-00C04F79EFBC}") = "XOX-Game", "lab4\XOX-Game.csproj", "{04D3BD06-625D-4C2F-A935-EF67554D39DF}"
EndProject
Global
	GlobalSection(SolutionConfigurationPlatforms) = preSolution
		Debug|Any CPU = Debug|Any CPU
		Release|Any CPU = Release|Any CPU
	EndGlobalSection
	GlobalSection(ProjectConfigurationPlatforms) = postSolution
		{04D3BD06-625D-4C2F-A935-EF67554D39DF}.Debug|Any CPU.ActiveCfg = Debug|Any CPU
		{04D3BD06-625D-4C2F-A935-EF67554D39DF}.Debug|Any CPU.Build.0 = Debug|Any CPU
		{04D3BD06-625D-4C2F-A935-EF67554D39DF}.Release|Any CPU.ActiveCfg = Release|Any CPU
		{04D3BD06-625D-4C2F-A935-EF67554D39DF}.Release|Any CPU.Build.0 = Release|Any CPU
	EndGlobalSection
	GlobalSection(SolutionProperties) = preSolution
		HideSolutionNode = FALSE
	EndGlobalSection
	GlobalSection(ExtensibilityGlobals) = postSolution
		SolutionGuid = {59AA2565-3F97-41CC-A145-9F69B78D342E}
	EndGlobalSection
EndGlobal
